{
  "version": 1,
  "dependencies": {
    "net10.0": {
      "AngleSharp": {
        "type": "Direct",
        "requested": "[1.4.0, )",
        "resolved": "1.4.0",
        "contentHash": "6ph8mpaQx0KL0COYRt0kI8MB9gSp1PtKijKMhJU//+aVFgKAJLKDesG/+26JSaVCOrHNgPf12wpfoyRcMYOeXg=="
      },
      "Flurl": {
        "type": "Direct",
        "requested": "[4.0.0, )",
        "resolved": "4.0.0",
        "contentHash": "rpts69yYgvJqg6PPgqShBQEZ4aNzWQqWpWppcT0oDWxDCIsBqiod4pj6LQZdhk+1OozLFagemldMRACdHF3CsA=="
      },
      "IDisposableAnalyzers": {
        "type": "Direct",
        "requested": "[4.0.8, )",
        "resolved": "4.0.8",
        "contentHash": "vNi4NMG0CcJyjXxiNDcQ21FwV/whM9o9OEZKD+oP7tuxAqFEzX/x5OhC3OZJqW/w+8GOtCmJPBquYgMWgz0rfQ=="
      },
      "Microsoft.AspNetCore.WebUtilities": {
        "type": "Direct",
        "requested": "[10.0.6, )",
        "resolved": "10.0.6",
        "contentHash": "Q0sEU3/c2e6HnUUVNiLoo5y5GIwnGlWHiQXPTzuQW/RkTccSRF3J7/Q6WLV8su7bq7b0tQUm/yJwtNl3K9Y+gQ==",
        "dependencies": {
          "Microsoft.Net.Http.Headers": "10.0.6"
        }
      },
      "Microsoft.Extensions.DependencyInjection": {
        "type": "Direct",
        "requested": "[10.0.6, )",
        "resolved": "10.0.6",
        "contentHash": "poUvwtf92bEs8uBH3aRRs/ZgiAw+Z485EU7TtVPBt//MmD0uMPERe7+v3Ur7lpD8XgIEDL9sDoTBcW1LMG97CQ==",
        "dependencies": {
          "Microsoft.Extensions.DependencyInjection.Abstractions": "10.0.6"
        }
      },
      "NodaTime": {
        "type": "Direct",
        "requested": "[3.3.1, )",
        "resolved": "3.3.1",
        "contentHash": "7zkTEqmakybTTuDuifpnzl5s8MkmpAdyvoqIPIO2+M2ThF8ixavPcPt1afPfFyCI+A6t3ySujgpGq/5iWc4/RQ=="
      },
      "RestSharp": {
        "type": "Direct",
        "requested": "[114.0.0, )",
        "resolved": "114.0.0",
        "contentHash": "8pDO4q+K8nIqXbvGCb9ciKcngj36pCXGRDzOYPEPoS2IvBIL+mejmUMAtSNALt/NkDc9LQmHvM95kdniLSbGtg=="
      },
      "Microsoft.Extensions.DependencyInjection.Abstractions": {
        "type": "Transitive",
        "resolved": "10.0.6",
        "contentHash": "w+dX4SIr1X9yegX2yX2dU1XtP4JAUVNdvOG/Evn+H+ndn96YzfIPX52FALXChrRNWFR9l77FQyg1mB7WQo6iOA=="
      },
      "Microsoft.Extensions.Primitives": {
        "type": "Transitive",
        "resolved": "10.0.6",
        "contentHash": "L8P21mqaG+CXvPheLndean/cHCOcItJqH8nx+0YQnK7wAiOR0G1IOC418ZSzTMD2D6Gmo0f2M5WR70XtpX2B8g=="
      },
      "Microsoft.Net.Http.Headers": {
        "type": "Transitive",
        "resolved": "10.0.6",
        "contentHash": "j2e8C4afvlrqClvGN+GuqF6e1OwEA+hD/xT972bQV2XKWJFMKYSAy37s1jrxKMiEBXnkuZaHIj3MN43rxn/dpQ==",
        "dependencies": {
          "Microsoft.Extensions.Primitives": "10.0.6"
        }
      }
    }
  }
}