
Microsoft Visual Studio Solution File, Format Version 12.00
# Visual Studio Version 17
VisualStudioVersion = 17.0.31903.59
MinimumVisualStudioVersion = 10.0.40219.1
Project("{FAE04EC0-301F-11D3-BF4B-00C04F79EFBC}") = "lullaby", "Lullaby\lullaby.csproj", "{75A3BE28-724F-4F00-87E6-39D580FA3397}"
EndProject
Project("{FAE04EC0-301F-11D3-BF4B-00C04F79EFBC}") = "Lullaby.Tests", "Lullaby.Tests\Lullaby.Tests.csproj", "{AA81FEF0-AE12-45E4-A3E0-3EED8E979305}"
EndProject
Global
	GlobalSection(SolutionConfigurationPlatforms) = preSolution
		Debug|Any CPU = Debug|Any CPU
		Release|Any CPU = Release|Any CPU
	EndGlobalSection
	GlobalSection(SolutionProperties) = preSolution
		HideSolutionNode = FALSE
	EndGlobalSection
	GlobalSection(ProjectConfigurationPlatforms) = postSolution
		{75A3BE28-724F-4F00-87E6-39D580FA3397}.Debug|Any CPU.ActiveCfg = Debug|Any CPU
		{75A3BE28-724F-4F00-87E6-39D580FA3397}.Debug|Any CPU.Build.0 = Debug|Any CPU
		{75A3BE28-724F-4F00-87E6-39D580FA3397}.Release|Any CPU.ActiveCfg = Release|Any CPU
		{75A3BE28-724F-4F00-87E6-39D580FA3397}.Release|Any CPU.Build.0 = Release|Any CPU
		{AA81FEF0-AE12-45E4-A3E0-3EED8E979305}.Debug|Any CPU.ActiveCfg = Debug|Any CPU
		{AA81FEF0-AE12-45E4-A3E0-3EED8E979305}.Debug|Any CPU.Build.0 = Debug|Any CPU
		{AA81FEF0-AE12-45E4-A3E0-3EED8E979305}.Release|Any CPU.ActiveCfg = Release|Any CPU
		{AA81FEF0-AE12-45E4-A3E0-3EED8E979305}.Release|Any CPU.Build.0 = Release|Any CPU
	EndGlobalSection
EndGlobal
