{
  "version": 1,
  "dependencies": {
    "net9.0": {
      "Hangfire.AspNetCore": {
        "type": "Direct",
        "requested": "[1.8.22, )",
        "resolved": "1.8.22",
        "contentHash": "Ud5ZNnH9q5+3MryiuPTW7baRERN9QYLyX+8muLwH9BqumoE9eWZRxna9RrunYaMVkNGbTUUuwOfSYIvCC222TQ==",
        "dependencies": {
          "Hangfire.NetCore": "[1.8.22]"
        }
      },
      "Hangfire.Core": {
        "type": "Direct",
        "requested": "[1.8.22, )",
        "resolved": "1.8.22",
        "contentHash": "fjgEtlfkLNnUcX9IB+fp3gTPtt5G7VJ0PCcoKLEWnXJXn5qTm/mvrm/t3/T+Xj35ZePtbWBm+j2PXE0beFwzbA==",
        "dependencies": {
          "Newtonsoft.Json": "11.0.1"
        }
      },
      "Hangfire.Redis.StackExchange": {
        "type": "Direct",
        "requested": "[1.12.0, )",
        "resolved": "1.12.0",
        "contentHash": "EFPlaekcrrkYEqJLhjj2iDiUo+FY4UX81/nRAMZk3hwppy5Og65mkpH7HzU58H39zDq/MX3hFPn68rCp58eSZw==",
        "dependencies": {
          "Hangfire.Core": "1.8.18",
          "Newtonsoft.Json": "13.0.3",
          "StackExchange.Redis": "2.8.31"
        }
      },
      "IDisposableAnalyzers": {
        "type": "Direct",
        "requested": "[4.0.8, )",
        "resolved": "4.0.8",
        "contentHash": "vNi4NMG0CcJyjXxiNDcQ21FwV/whM9o9OEZKD+oP7tuxAqFEzX/x5OhC3OZJqW/w+8GOtCmJPBquYgMWgz0rfQ=="
      },
      "Microsoft.AspNetCore.Authentication.OpenIdConnect": {
        "type": "Direct",
        "requested": "[9.0.11, )",
        "resolved": "9.0.11",
        "contentHash": "c6vAj8YoQjRrof5hVEIuRh12LmPjcLqBZtW55owWB9oAwHYI+Nh/UO3GUQVMBHD3lLoJmXE6pA1zMQNiy86yFg==",
        "dependencies": {
          "Microsoft.IdentityModel.Protocols.OpenIdConnect": "8.0.1"
        }
      },
      "Microsoft.AspNetCore.DataProtection.StackExchangeRedis": {
        "type": "Direct",
        "requested": "[9.0.11, )",
        "resolved": "9.0.11",
        "contentHash": "n8SiC+qli+/GLKJkp1jglk7QZ1n/DCmicsOyDK2TLsHgKNhNopWFzwGxFHtEd7tr4Ww0PPbhgyXeLP74UKQkHQ==",
        "dependencies": {
          "Microsoft.AspNetCore.DataProtection": "9.0.11",
          "StackExchange.Redis": "2.7.27"
        }
      },
      "Microsoft.AspNetCore.Mvc.Razor.RuntimeCompilation": {
        "type": "Direct",
        "requested": "[9.0.11, )",
        "resolved": "9.0.11",
        "contentHash": "c5lTY8w6PNQw5ZyMbDeitO6uBUohKW226FmT/VglP7EWFCQLTMONJtwPZ/pYPL/aSpcyyhEKJ2s9Wtkos8hizw==",
        "dependencies": {
          "Microsoft.AspNetCore.Mvc.Razor.Extensions": "6.0.0",
          "Microsoft.CodeAnalysis.Razor": "6.0.0",
          "Microsoft.Extensions.DependencyModel": "9.0.11"
        }
      },
      "Sentry.AspNetCore": {
        "type": "Direct",
        "requested": "[5.16.2, )",
        "resolved": "5.16.2",
        "contentHash": "HUywHpRKdzCuPc2oEyMkBCje4x4abvyxw8h3lWA7ybplMHatc7Y5ZIO3GdZSflfTeql+hKnJFlJtYu7Nfp1jjg==",
        "dependencies": {
          "Microsoft.Extensions.Configuration.Binder": "9.0.0",
          "Sentry.Extensions.Logging": "5.16.2"
        }
      },
      "AngleSharp": {
        "type": "Transitive",
        "resolved": "1.4.0",
        "contentHash": "6ph8mpaQx0KL0COYRt0kI8MB9gSp1PtKijKMhJU//+aVFgKAJLKDesG/+26JSaVCOrHNgPf12wpfoyRcMYOeXg=="
      },
      "Flurl": {
        "type": "Transitive",
        "resolved": "4.0.0",
        "contentHash": "rpts69yYgvJqg6PPgqShBQEZ4aNzWQqWpWppcT0oDWxDCIsBqiod4pj6LQZdhk+1OozLFagemldMRACdHF3CsA=="
      },
      "Hangfire.NetCore": {
        "type": "Transitive",
        "resolved": "1.8.22",
        "contentHash": "I7LiUHpC3ks7k+vLFOdwwCwDHxT83H+Mv6bT+7vkI1SLOc4Vwv2zOWdeeN1K86vddu7R36ho+eKP0gvfYlSZjg==",
        "dependencies": {
          "Hangfire.Core": "[1.8.22]",
          "Microsoft.Extensions.DependencyInjection.Abstractions": "3.0.0",
          "Microsoft.Extensions.Hosting.Abstractions": "3.0.0",
          "Microsoft.Extensions.Logging.Abstractions": "3.0.0"
        }
      },
      "LinqKit.Core": {
        "type": "Transitive",
        "resolved": "1.2.9",
        "contentHash": "o8zNpo4/Fk0rW58QjYxH6AvvhmB/i9AagphKDEGVnwkbtzRdy7C1v4bFhpTQTjSUMANmbsqGEXMNqX293oEQVg=="
      },
      "Microsoft.AspNetCore.Cryptography.Internal": {
        "type": "Transitive",
        "resolved": "9.0.11",
        "contentHash": "+599lmkdIaDHkpW4KI+r8u4Nz8eXVo0aZ+fEt4mQ/ibe0xCoSm3QNYCgdvKdTxp+jcH5X330vzu0xuYXjhZkWg=="
      },
      "Microsoft.AspNetCore.DataProtection": {
        "type": "Transitive",
        "resolved": "9.0.11",
        "contentHash": "8ZaAilFdJ6yV0qP7fxgs8mlIAQmpbISVGPMOkmOZKWaOvfsw7wBgQzaoEF3A6kbG2oZRhEkoaqk1Sil60To1/A==",
        "dependencies": {
          "Microsoft.AspNetCore.Cryptography.Internal": "9.0.11",
          "Microsoft.AspNetCore.DataProtection.Abstractions": "9.0.11",
          "Microsoft.Extensions.DependencyInjection.Abstractions": "9.0.11",
          "Microsoft.Extensions.Hosting.Abstractions": "9.0.11",
          "Microsoft.Extensions.Logging.Abstractions": "9.0.11",
          "Microsoft.Extensions.Options": "9.0.11",
          "System.Security.Cryptography.Xml": "9.0.11"
        }
      },
      "Microsoft.AspNetCore.DataProtection.Abstractions": {
        "type": "Transitive",
        "resolved": "9.0.11",
        "contentHash": "XJk3Xc1NduzhwlWS41VJbGknM0X73TowwPbbN9YvEDVKjIEF7WAIChvzdi3IkjXh2CE52Syl1Z7LYRGz5m7ItA=="
      },
      "Microsoft.AspNetCore.Mvc.Razor.Extensions": {
        "type": "Transitive",
        "resolved": "6.0.0",
        "contentHash": "M0h+ChPgydX2xY17agiphnAVa/Qh05RAP8eeuqGGhQKT10claRBlLNO6d2/oSV8zy0RLHzwLnNZm5xuC/gckGA==",
        "dependencies": {
          "Microsoft.AspNetCore.Razor.Language": "6.0.0",
          "Microsoft.CodeAnalysis.Razor": "6.0.0"
        }
      },
      "Microsoft.AspNetCore.Razor.Language": {
        "type": "Transitive",
        "resolved": "6.0.0",
        "contentHash": "yCtBr1GSGzJrrp1NJUb4ltwFYMKHw/tJLnIDvg9g/FnkGIEzmE19tbCQqXARIJv5kdtBgsoVIdGLL+zmjxvM/A=="
      },
      "Microsoft.AspNetCore.WebUtilities": {
        "type": "Transitive",
        "resolved": "9.0.11",
        "contentHash": "c5pHn9sG9u03bs/sE+dl21G9NRwNs05+YaMNK/z7KJa1Dh75HEGydxFwm6g++15+IX7Dcae+8WaT+ld0QeqErA==",
        "dependencies": {
          "Microsoft.Net.Http.Headers": "9.0.11"
        }
      },
      "Microsoft.CodeAnalysis.Analyzers": {
        "type": "Transitive",
        "resolved": "3.3.2",
        "contentHash": "7xt6zTlIEizUgEsYAIgm37EbdkiMmr6fP6J9pDoKEpiGM4pi32BCPGr/IczmSJI9Zzp0a6HOzpr9OvpMP+2veA=="
      },
      "Microsoft.CodeAnalysis.Common": {
        "type": "Transitive",
        "resolved": "4.0.0",
        "contentHash": "d02ybMhUJl1r/dI6SkJPHrTiTzXBYCZeJdOLMckV+jyoMU/GGkjqFX/sRbv1K0QmlpwwKuLTiYVQvfYC+8ox2g==",
        "dependencies": {
          "Microsoft.CodeAnalysis.Analyzers": "3.3.2",
          "System.Collections.Immutable": "5.0.0",
          "System.Memory": "4.5.4",
          "System.Reflection.Metadata": "5.0.0",
          "System.Runtime.CompilerServices.Unsafe": "5.0.0",
          "System.Text.Encoding.CodePages": "4.5.1",
          "System.Threading.Tasks.Extensions": "4.5.4"
        }
      },
      "Microsoft.CodeAnalysis.CSharp": {
        "type": "Transitive",
        "resolved": "4.0.0",
        "contentHash": "2UVTGtyQGgTCazvnT6t82f+7AV2L+kqJdyb61rT9GQed4yK+tVh5IkaKcsm70VqyZQhBbDqsfZFNHnY65xhrRw==",
        "dependencies": {
          "Microsoft.CodeAnalysis.Common": "[4.0.0]"
        }
      },
      "Microsoft.CodeAnalysis.Razor": {
        "type": "Transitive",
        "resolved": "6.0.0",
        "contentHash": "uqdzuQXxD7XrJCbIbbwpI/LOv0PBJ9VIR0gdvANTHOfK5pjTaCir+XcwvYvBZ5BIzd0KGzyiamzlEWw1cK1q0w==",
        "dependencies": {
          "Microsoft.AspNetCore.Razor.Language": "6.0.0",
          "Microsoft.CodeAnalysis.CSharp": "4.0.0",
          "Microsoft.CodeAnalysis.Common": "4.0.0"
        }
      },
      "Microsoft.EntityFrameworkCore": {
        "type": "Transitive",
        "resolved": "9.0.11",
        "contentHash": "lqqV6JEmVv8s0Y/25RnKtYZ6qL+Vz14wEsrBV1ubVUyzDGrOp+10XJ54HNuRLUzdvzVPR2uQ5li/CPrBj0kQHg==",
        "dependencies": {
          "Microsoft.EntityFrameworkCore.Abstractions": "9.0.11",
          "Microsoft.EntityFrameworkCore.Analyzers": "9.0.11",
          "Microsoft.Extensions.Caching.Memory": "9.0.11",
          "Microsoft.Extensions.Logging": "9.0.11"
        }
      },
      "Microsoft.EntityFrameworkCore.Abstractions": {
        "type": "Transitive",
        "resolved": "9.0.11",
        "contentHash": "MHcdHm7vF71MfqYC68Jx9YfDAjxcuClGBZJk5zcJDRhVO4HgX+QFsOqcAisKWb20aBeF0IN1YkSktnEUf/tmLQ=="
      },
      "Microsoft.EntityFrameworkCore.Analyzers": {
        "type": "Transitive",
        "resolved": "9.0.11",
        "contentHash": "ccEk88YkXXWV+s5ZS+27UoY5YUVzgx8mq7kl+e05+AgJPGLhtmpQL26LxqBV1StJZEl2KaL8BxzABvXTXBAkoQ=="
      },
      "Microsoft.EntityFrameworkCore.Relational": {
        "type": "Transitive",
        "resolved": "9.0.11",
        "contentHash": "b6A19xFuU2F92C7N70+HSjRcxwDHTYTdZ/1PyLpHmzXt35G6ugCVKTPS+YJVK1u5ArrDFGQNu+EI+UrSRgUwGA==",
        "dependencies": {
          "Microsoft.EntityFrameworkCore": "9.0.11",
          "Microsoft.Extensions.Caching.Memory": "9.0.11",
          "Microsoft.Extensions.Configuration.Abstractions": "9.0.11",
          "Microsoft.Extensions.Logging": "9.0.11"
        }
      },
      "Microsoft.Extensions.Caching.Abstractions": {
        "type": "Transitive",
        "resolved": "9.0.11",
        "contentHash": "PRv1SPyrgl/ullMF6eKDuEULRkTc10fVcnWvzFhqIMDA3m5f91znKH9ZNsKZBgu4xVc4ulNt7TEXyyt0rdlB3g==",
        "dependencies": {
          "Microsoft.Extensions.Primitives": "9.0.11"
        }
      },
      "Microsoft.Extensions.Caching.Memory": {
        "type": "Transitive",
        "resolved": "9.0.11",
        "contentHash": "J77oUeVZXdMoiUiCPkL4v13KrNRuMQnSHHw78cTh/2ZidyiMFm8jhu49OUKvNydMUX8ZcuM5g8uohW18YaglMw==",
        "dependencies": {
          "Microsoft.Extensions.Caching.Abstractions": "9.0.11",
          "Microsoft.Extensions.DependencyInjection.Abstractions": "9.0.11",
          "Microsoft.Extensions.Logging.Abstractions": "9.0.11",
          "Microsoft.Extensions.Options": "9.0.11",
          "Microsoft.Extensions.Primitives": "9.0.11"
        }
      },
      "Microsoft.Extensions.Configuration": {
        "type": "Transitive",
        "resolved": "9.0.11",
        "contentHash": "4ceMQRCIMP9AxxZOQ0k+xYXCfgSEmEsnt6s0o/KkpeLqwm3kGKBbsiJlyMk56GnKJtk4SI7nTpIIzb+Qdk+FMQ==",
        "dependencies": {
          "Microsoft.Extensions.Configuration.Abstractions": "9.0.11",
          "Microsoft.Extensions.Primitives": "9.0.11"
        }
      },
      "Microsoft.Extensions.Configuration.Abstractions": {
        "type": "Transitive",
        "resolved": "9.0.11",
        "contentHash": "g23//mPpMa33QdJkLujJICoCRbiLFpiQ4XbROG9JdeDI6/sM+qZPB2t5SmUWNM8GwY8dYW3NucxlZDFe8s3NAQ==",
        "dependencies": {
          "Microsoft.Extensions.Primitives": "9.0.11"
        }
      },
      "Microsoft.Extensions.Configuration.Binder": {
        "type": "Transitive",
        "resolved": "9.0.11",
        "contentHash": "iPE1jROL5uK/6iJSRzwpEIJt6BuANN36Io+6bLss67JVjbG6DdVedrMnB9nqsxs+Lx3X9RxvARTgFsUgP0MB0g==",
        "dependencies": {
          "Microsoft.Extensions.Configuration.Abstractions": "9.0.11"
        }
      },
      "Microsoft.Extensions.DependencyInjection": {
        "type": "Transitive",
        "resolved": "9.0.11",
        "contentHash": "UquyDzvz0EneIQrrU67GJkIgynS+VD7t+RDtNv6VgKMOFrLBjldn6hzlXppGGecFMvAkMTqn4T8RYvzw7j7fQA==",
        "dependencies": {
          "Microsoft.Extensions.DependencyInjection.Abstractions": "9.0.11"
        }
      },
      "Microsoft.Extensions.DependencyInjection.Abstractions": {
        "type": "Transitive",
        "resolved": "9.0.11",
        "contentHash": "+ZxxZzcVU+IEzq12GItUzf/V3mEc5nSLiXijwvDc4zyhbjvSZZ043giSZqGnhakrjwRWjkerIHPrRwm9okEIpw=="
      },
      "Microsoft.Extensions.DependencyModel": {
        "type": "Transitive",
        "resolved": "9.0.11",
        "contentHash": "DaBLlKcD5AYFLEeX7M07Q0vWOEBd86KYXOb+5ZRdQ1jYtN39cJd6fftxdNbRazEYQc9QqsAZiqKb9ub0gA+q+Q=="
      },
      "Microsoft.Extensions.Diagnostics": {
        "type": "Transitive",
        "resolved": "9.0.11",
        "contentHash": "WkriTCwxW0QbIgPYXGy329wQKcS4lmstwwysCHcjok2acPd626ysPcwMpw1pSBNzkdkMsqcbcJLlpVc9kP/YiQ==",
        "dependencies": {
          "Microsoft.Extensions.Configuration": "9.0.11",
          "Microsoft.Extensions.Diagnostics.Abstractions": "9.0.11",
          "Microsoft.Extensions.Options.ConfigurationExtensions": "9.0.11"
        }
      },
      "Microsoft.Extensions.Diagnostics.Abstractions": {
        "type": "Transitive",
        "resolved": "9.0.11",
        "contentHash": "D9gu4weEmvWGuz8zp5xwsOr0ldmWphMKr7+IW66hG4rnrgpMLtTWoOINBOX5mcRTPL39+AVd3BJdc4HTvl2NrA==",
        "dependencies": {
          "Microsoft.Extensions.DependencyInjection.Abstractions": "9.0.11",
          "Microsoft.Extensions.Options": "9.0.11"
        }
      },
      "Microsoft.Extensions.FileProviders.Abstractions": {
        "type": "Transitive",
        "resolved": "9.0.11",
        "contentHash": "YEPsXWcoNde6J6W/MMjIuNQMPkKTL4NS0AJ1rsAt48+GuJYoZU+Mi4T8PwyzYGDLxhUsH3Wa32DlbKtDkzT40A==",
        "dependencies": {
          "Microsoft.Extensions.Primitives": "9.0.11"
        }
      },
      "Microsoft.Extensions.Hosting.Abstractions": {
        "type": "Transitive",
        "resolved": "9.0.11",
        "contentHash": "cQsyEUYRYRzRf4y7Xn4W8bbspgXj0oNA9drEa6lVmU9qL7xv2dfCdcVVLCp6Hhs8hN7R7TfRFdQa1uXBS+96fA==",
        "dependencies": {
          "Microsoft.Extensions.Configuration.Abstractions": "9.0.11",
          "Microsoft.Extensions.DependencyInjection.Abstractions": "9.0.11",
          "Microsoft.Extensions.Diagnostics.Abstractions": "9.0.11",
          "Microsoft.Extensions.FileProviders.Abstractions": "9.0.11",
          "Microsoft.Extensions.Logging.Abstractions": "9.0.11"
        }
      },
      "Microsoft.Extensions.Http": {
        "type": "Transitive",
        "resolved": "9.0.11",
        "contentHash": "QEa12ESaPAKR3M40N8dawVd+LPOgxCrGsUmC7Myfhn44AQiWh7X9PiTAagrAnJSaGqsb+yx+KRNSjrm8wx1TVQ==",
        "dependencies": {
          "Microsoft.Extensions.Configuration.Abstractions": "9.0.11",
          "Microsoft.Extensions.DependencyInjection.Abstractions": "9.0.11",
          "Microsoft.Extensions.Diagnostics": "9.0.11",
          "Microsoft.Extensions.Logging": "9.0.11",
          "Microsoft.Extensions.Logging.Abstractions": "9.0.11",
          "Microsoft.Extensions.Options": "9.0.11"
        }
      },
      "Microsoft.Extensions.Logging": {
        "type": "Transitive",
        "resolved": "9.0.11",
        "contentHash": "PVHYgMmMZFEE3PGpc7oZ9CnoyNonNyT5klrV9pNIzCPxL12FpQ7kNhliXAwowmtaDVBmKnG/1db6d7gqPwDj8g==",
        "dependencies": {
          "Microsoft.Extensions.DependencyInjection": "9.0.11",
          "Microsoft.Extensions.Logging.Abstractions": "9.0.11",
          "Microsoft.Extensions.Options": "9.0.11"
        }
      },
      "Microsoft.Extensions.Logging.Abstractions": {
        "type": "Transitive",
        "resolved": "9.0.11",
        "contentHash": "UKWFTDwtZQIoypyt1YPVsxTnDK+0sKn26+UeSGeNlkRQddrkt9EC6kP4g94rgO/WOZkz94bKNlF1dVZN3QfPFQ==",
        "dependencies": {
          "Microsoft.Extensions.DependencyInjection.Abstractions": "9.0.11"
        }
      },
      "Microsoft.Extensions.Logging.Configuration": {
        "type": "Transitive",
        "resolved": "9.0.0",
        "contentHash": "H05HiqaNmg6GjH34ocYE9Wm1twm3Oz2aXZko8GTwGBzM7op2brpAA8pJ5yyD1OpS1mXUtModBYOlcZ/wXeWsSg==",
        "dependencies": {
          "Microsoft.Extensions.Configuration": "9.0.0",
          "Microsoft.Extensions.Configuration.Abstractions": "9.0.0",
          "Microsoft.Extensions.Configuration.Binder": "9.0.0",
          "Microsoft.Extensions.DependencyInjection.Abstractions": "9.0.0",
          "Microsoft.Extensions.Logging": "9.0.0",
          "Microsoft.Extensions.Logging.Abstractions": "9.0.0",
          "Microsoft.Extensions.Options": "9.0.0",
          "Microsoft.Extensions.Options.ConfigurationExtensions": "9.0.0"
        }
      },
      "Microsoft.Extensions.Options": {
        "type": "Transitive",
        "resolved": "9.0.11",
        "contentHash": "HX4M3BLkW1dtByMKHDVq6r7Jy6e4hf8NDzHpIgz7C8BtYk9JQHhfYX5c1UheQTD5Veg1yBhz/cD9C8vtrGrk9w==",
        "dependencies": {
          "Microsoft.Extensions.DependencyInjection.Abstractions": "9.0.11",
          "Microsoft.Extensions.Primitives": "9.0.11"
        }
      },
      "Microsoft.Extensions.Options.ConfigurationExtensions": {
        "type": "Transitive",
        "resolved": "9.0.11",
        "contentHash": "HUzr4c1eMXCQN8Yre2JdCzYmLJAecFGVXfByVhjEY4jBaHIs8EAxdv72WMUa2GcROlkYPbYNzMbcqJPMiznHxw==",
        "dependencies": {
          "Microsoft.Extensions.Configuration.Abstractions": "9.0.11",
          "Microsoft.Extensions.Configuration.Binder": "9.0.11",
          "Microsoft.Extensions.DependencyInjection.Abstractions": "9.0.11",
          "Microsoft.Extensions.Options": "9.0.11",
          "Microsoft.Extensions.Primitives": "9.0.11"
        }
      },
      "Microsoft.Extensions.Primitives": {
        "type": "Transitive",
        "resolved": "9.0.11",
        "contentHash": "rtUNSIhbQTv8iSBTFvtg2b/ZUkoqC9qAH9DdC2hr+xPpoZrxiCITci9UR/ELUGUGnGUrF8Xye+tGVRhCxE+4LA=="
      },
      "Microsoft.IdentityModel.Abstractions": {
        "type": "Transitive",
        "resolved": "8.0.1",
        "contentHash": "OtlIWcyX01olfdevPKZdIPfBEvbcioDyBiE/Z2lHsopsMD7twcKtlN9kMevHmI5IIPhFpfwCIiR6qHQz1WHUIw=="
      },
      "Microsoft.IdentityModel.JsonWebTokens": {
        "type": "Transitive",
        "resolved": "8.0.1",
        "contentHash": "s6++gF9x0rQApQzOBbSyp4jUaAlwm+DroKfL8gdOHxs83k8SJfUXhuc46rDB3rNXBQ1MVRxqKUrqFhO/M0E97g==",
        "dependencies": {
          "Microsoft.IdentityModel.Tokens": "8.0.1"
        }
      },
      "Microsoft.IdentityModel.Logging": {
        "type": "Transitive",
        "resolved": "8.0.1",
        "contentHash": "UCPF2exZqBXe7v/6sGNiM6zCQOUXXQ9+v5VTb9gPB8ZSUPnX53BxlN78v2jsbIvK9Dq4GovQxo23x8JgWvm/Qg==",
        "dependencies": {
          "Microsoft.IdentityModel.Abstractions": "8.0.1"
        }
      },
      "Microsoft.IdentityModel.Protocols": {
        "type": "Transitive",
        "resolved": "8.0.1",
        "contentHash": "uA2vpKqU3I2mBBEaeJAWPTjT9v1TZrGWKdgK6G5qJd03CLx83kdiqO9cmiK8/n1erkHzFBwU/RphP83aAe3i3g==",
        "dependencies": {
          "Microsoft.IdentityModel.Tokens": "8.0.1"
        }
      },
      "Microsoft.IdentityModel.Protocols.OpenIdConnect": {
        "type": "Transitive",
        "resolved": "8.0.1",
        "contentHash": "AQDbfpL+yzuuGhO/mQhKNsp44pm5Jv8/BI4KiFXR7beVGZoSH35zMV3PrmcfvSTsyI6qrcR898NzUauD6SRigg==",
        "dependencies": {
          "Microsoft.IdentityModel.Protocols": "8.0.1",
          "System.IdentityModel.Tokens.Jwt": "8.0.1"
        }
      },
      "Microsoft.IdentityModel.Tokens": {
        "type": "Transitive",
        "resolved": "8.0.1",
        "contentHash": "kDimB6Dkd3nkW2oZPDkMkVHfQt3IDqO5gL0oa8WVy3OP4uE8Ij+8TXnqg9TOd9ufjsY3IDiGz7pCUbnfL18tjg==",
        "dependencies": {
          "Microsoft.IdentityModel.Logging": "8.0.1"
        }
      },
      "Microsoft.Net.Http.Headers": {
        "type": "Transitive",
        "resolved": "9.0.11",
        "contentHash": "Yfj3fTLmCkfHdKq8FIt0jdcnfasrvgIhrsDdhh/FEijhmUk/qYDMI/11wZewd2B/twfrG6ZJgUNk3Y22QbgzjA==",
        "dependencies": {
          "Microsoft.Extensions.Primitives": "9.0.11"
        }
      },
      "Microsoft.NETCore.Platforms": {
        "type": "Transitive",
        "resolved": "2.1.2",
        "contentHash": "mOJy3M0UN+LUG21dLGMxaWZEP6xYpQEpLuvuEQBaownaX4YuhH6NmNUlN9si+vNkAS6dwJ//N1O4DmLf2CikVg=="
      },
      "Newtonsoft.Json": {
        "type": "Transitive",
        "resolved": "13.0.4",
        "contentHash": "pdgNNMai3zv51W5aq268sujXUyx7SNdE2bj1wZcWjAQrKMFZV260lbqYop1d2GM67JI1huLRwxo9ZqnfF/lC6A=="
      },
      "NodaTime": {
        "type": "Transitive",
        "resolved": "3.2.2",
        "contentHash": "dmju5W0UYC3QP/UJM0juKAZkH0HSDMp0gH91A0+mT9M0kgyM2Jm67hUZPl/WRQLq8Lijjqmdk8kyAViWFWM7dA=="
      },
      "Npgsql": {
        "type": "Transitive",
        "resolved": "9.0.3",
        "contentHash": "tPvY61CxOAWxNsKLEBg+oR646X4Bc8UmyQ/tJszL/7mEmIXQnnBhVJZrZEEUv0Bstu0mEsHZD5At3EO8zQRAYw==",
        "dependencies": {
          "Microsoft.Extensions.Logging.Abstractions": "8.0.2"
        }
      },
      "Npgsql.EntityFrameworkCore.PostgreSQL": {
        "type": "Transitive",
        "resolved": "9.0.4",
        "contentHash": "mw5vcY2IEc7L+IeGrxpp/J5OSnCcjkjAgJYCm/eD52wpZze8zsSifdqV7zXslSMmfJG2iIUGZyo3KuDtEFKwMQ==",
        "dependencies": {
          "Microsoft.EntityFrameworkCore": "[9.0.1, 10.0.0)",
          "Microsoft.EntityFrameworkCore.Relational": "[9.0.1, 10.0.0)",
          "Npgsql": "9.0.3"
        }
      },
      "Pipelines.Sockets.Unofficial": {
        "type": "Transitive",
        "resolved": "2.2.8",
        "contentHash": "zG2FApP5zxSx6OcdJQLbZDk2AVlN2BNQD6MorwIfV6gVj0RRxWPEp2LXAxqDGZqeNV1Zp0BNPcNaey/GXmTdvQ==",
        "dependencies": {
          "System.IO.Pipelines": "5.0.1"
        }
      },
      "RestSharp": {
        "type": "Transitive",
        "resolved": "112.1.0",
        "contentHash": "bOUGNZqhhv/QeCXHTKEUil846yBjwWXpzPKjO67kFvaAOoF361z7jLY5BMnuZ6WD2WQRA750sNMcK7MSPCQ5Mg=="
      },
      "Sentry": {
        "type": "Transitive",
        "resolved": "5.16.2",
        "contentHash": "JZiKizATWdBe4dSdvMhp3d/TiMUug3VvWjiu9ZH5UfTbrwGWYUexZ4ZGdyrIB2GuWlLBUWs3Vi1GFv3pNhRKFg=="
      },
      "Sentry.Extensions.Logging": {
        "type": "Transitive",
        "resolved": "5.16.2",
        "contentHash": "bTZigDBAPSyA0D8uXzpXyrsUyxBmQn703U3kkiOCgV2Uc+DuSMUabiVHVSuxPPfbOyTUC2wY2vsOjdlpnXI5zQ==",
        "dependencies": {
          "Microsoft.Extensions.Configuration.Binder": "9.0.0",
          "Microsoft.Extensions.Http": "9.0.0",
          "Microsoft.Extensions.Logging.Configuration": "9.0.0",
          "Sentry": "5.16.2"
        }
      },
      "StackExchange.Redis": {
        "type": "Transitive",
        "resolved": "2.8.31",
        "contentHash": "RCHVQa9Zke8k0oBgJn1Yl6BuYy8i6kv+sdMObiH60nOwD6QvWAjxdDwOm+LO78E8WsGiPqgOuItkz98fPS6haQ==",
        "dependencies": {
          "Microsoft.Extensions.Logging.Abstractions": "6.0.0",
          "Pipelines.Sockets.Unofficial": "2.2.8"
        }
      },
      "System.Collections.Immutable": {
        "type": "Transitive",
        "resolved": "5.0.0",
        "contentHash": "FXkLXiK0sVVewcso0imKQoOxjoPAj42R8HtjjbSjVPAzwDfzoyoznWxgA3c38LDbN9SJux1xXoXYAhz98j7r2g=="
      },
      "System.IdentityModel.Tokens.Jwt": {
        "type": "Transitive",
        "resolved": "8.0.1",
        "contentHash": "GJw3bYkWpOgvN3tJo5X4lYUeIFA2HD293FPUhKmp7qxS+g5ywAb34Dnd3cDAFLkcMohy5XTpoaZ4uAHuw0uSPQ==",
        "dependencies": {
          "Microsoft.IdentityModel.JsonWebTokens": "8.0.1",
          "Microsoft.IdentityModel.Tokens": "8.0.1"
        }
      },
      "System.IO.Pipelines": {
        "type": "Transitive",
        "resolved": "5.0.1",
        "contentHash": "qEePWsaq9LoEEIqhbGe6D5J8c9IqQOUuTzzV6wn1POlfdLkJliZY3OlB0j0f17uMWlqZYjH7txj+2YbyrIA8Yg=="
      },
      "System.Linq.Async": {
        "type": "Transitive",
        "resolved": "6.0.3",
        "contentHash": "hSHiq2m1ky7zUQgTp+/2h1K3lABIQ+GltRixoclHPg/Sc1vnfeS6g/Uy5moOVZKrZJdQiFPFZd6OobBp3tZcFg=="
      },
      "System.Memory": {
        "type": "Transitive",
        "resolved": "4.5.4",
        "contentHash": "1MbJTHS1lZ4bS4FmsJjnuGJOu88ZzTT2rLvrhW7Ygic+pC0NWA+3hgAen0HRdsocuQXCkUTdFn9yHJJhsijDXw=="
      },
      "System.Reflection.Metadata": {
        "type": "Transitive",
        "resolved": "5.0.0",
        "contentHash": "5NecZgXktdGg34rh1OenY1rFNDCI8xSjFr+Z4OU4cU06AQHUdRnIIEeWENu3Wl4YowbzkymAIMvi3WyK9U53pQ=="
      },
      "System.Runtime.CompilerServices.Unsafe": {
        "type": "Transitive",
        "resolved": "5.0.0",
        "contentHash": "ZD9TMpsmYJLrxbbmdvhwt9YEgG5WntEnZ/d1eH8JBX9LBp+Ju8BSBhUGbZMNVHHomWo2KVImJhTDl2hIgw/6MA=="
      },
      "System.Security.Cryptography.Pkcs": {
        "type": "Transitive",
        "resolved": "9.0.11",
        "contentHash": "YS2YqtN6fFjlTDIQI+ucjbbrEvwMn796r+VLTQRr/5Oy6g+i+m7nIou83KnJCnAcKna2I+5eVJRks6SoHSpetQ=="
      },
      "System.Security.Cryptography.Xml": {
        "type": "Transitive",
        "resolved": "9.0.11",
        "contentHash": "aNt+lK+RwCs/fJ8rM+bKQU3z8jM4m/h5zf5ujEL1o284g5CqrQWJJf90hGaijfDoax7sTc6pp09QmUSIsZgzgA==",
        "dependencies": {
          "System.Security.Cryptography.Pkcs": "9.0.11"
        }
      },
      "System.Text.Encoding.CodePages": {
        "type": "Transitive",
        "resolved": "4.5.1",
        "contentHash": "4J2JQXbftjPMppIHJ7IC+VXQ9XfEagN92vZZNoG12i+zReYlim5dMoXFC1Zzg7tsnKDM7JPo5bYfFK4Jheq44w==",
        "dependencies": {
          "Microsoft.NETCore.Platforms": "2.1.2",
          "System.Runtime.CompilerServices.Unsafe": "4.5.2"
        }
      },
      "System.Threading.Tasks.Extensions": {
        "type": "Transitive",
        "resolved": "4.5.4",
        "contentHash": "zteT+G8xuGu6mS+mzDzYXbzS7rd3K6Fjb9RiZlYlJPam2/hU7JCBZBVEcywNuR+oZ1ncTvc/cq0faRr3P01OVg=="
      },
      "lullaby.common": {
        "type": "Project",
        "dependencies": {
          "AngleSharp": "[1.4.0, )",
          "Flurl": "[4.0.0, )",
          "Microsoft.AspNetCore.WebUtilities": "[9.0.11, )",
          "Microsoft.Extensions.DependencyInjection": "[9.0.11, )",
          "NodaTime": "[3.2.2, )",
          "RestSharp": "[112.1.0, )",
          "System.Linq.Async": "[6.0.3, )"
        }
      },
      "lullaby.database": {
        "type": "Project",
        "dependencies": {
          "Lullaby.Common": "[1.0.0, )",
          "Microsoft.EntityFrameworkCore.Relational": "[9.0.11, )",
          "Npgsql.EntityFrameworkCore.PostgreSQL": "[9.0.4, )"
        }
      },
      "lullaby.jobs": {
        "type": "Project",
        "dependencies": {
          "Hangfire.Core": "[1.8.22, )",
          "LinqKit.Core": "[1.2.9, )",
          "Lullaby.Common": "[1.0.0, )",
          "Lullaby.Database": "[1.0.0, )",
          "Microsoft.Extensions.DependencyInjection": "[9.0.11, )",
          "Microsoft.Extensions.Http": "[9.0.11, )",
          "Newtonsoft.Json": "[13.0.4, )"
        }
      }
    }
  }
}